// !$*UTF8*$!
{
	archiveVersion = 1;
	classes = {
	};
	objectVersion = 46;
	objects = {

/* Begin PBXBuildFile section */
		5796D0881CC46E2900286191 /* main.swift in Sources */ = {isa = PBXBuildFile; fileRef = 5796D0871CC46E2900286191 /* main.swift */; };
		5796D08F1CC46F3100286191 /* documentable.swift in Sources */ = {isa = PBXBuildFile; fileRef = 5796D08E1CC46F3100286191 /* documentable.swift */; };
		5796D0921CC46FE300286191 /* documenter.swift in Sources */ = {isa = PBXBuildFile; fileRef = 5796D0911CC46FE300286191 /* documenter.swift */; };
		5796D0941CC4704B00286191 /* email_documenter.swift in Sources */ = {isa = PBXBuildFile; fileRef = 5796D0931CC4704B00286191 /* email_documenter.swift */; };
		5796D09A1CC4710500286191 /* quote.swift in Sources */ = {isa = PBXBuildFile; fileRef = 5796D0991CC4710500286191 /* quote.swift */; };
		5796D09C1CC4733A00286191 /* report_documenter.swift in Sources */ = {isa = PBXBuildFile; fileRef = 5796D09B1CC4733A00286191 /* report_documenter.swift */; };
		5796D09E1CC4773D00286191 /* appointment.swift in Sources */ = {isa = PBXBuildFile; fileRef = 5796D09D1CC4773D00286191 /* appointment.swift */; };
		5796D0A01CC487BF00286191 /* car.swift in Sources */ = {isa = PBXBuildFile; fileRef = 5796D09F1CC487BF00286191 /* car.swift */; };
		5796D0A21CC4883200286191 /* mechanic.swift in Sources */ = {isa = PBXBuildFile; fileRef = 5796D0A11CC4883200286191 /* mechanic.swift */; };
		5796D0A41CC488A400286191 /* email.swift in Sources */ = {isa = PBXBuildFile; fileRef = 5796D0A31CC488A400286191 /* email.swift */; };
		5796D0A61CC4894B00286191 /* report.swift in Sources */ = {isa = PBXBuildFile; fileRef = 5796D0A51CC4894B00286191 /* report.swift */; };
		5796D0A81CC4895E00286191 /* report_type.swift in Sources */ = {isa = PBXBuildFile; fileRef = 5796D0A71CC4895E00286191 /* report_type.swift */; };
		5796D0AC1CC48AF700286191 /* customer.swift in Sources */ = {isa = PBXBuildFile; fileRef = 5796D0AB1CC48AF700286191 /* customer.swift */; };
		5796D0AE1CC48DEB00286191 /* date_extensions.swift in Sources */ = {isa = PBXBuildFile; fileRef = 5796D0AD1CC48DEB00286191 /* date_extensions.swift */; };
/* End PBXBuildFile section */

/* Begin PBXCopyFilesBuildPhase section */
		5796D0821CC46E2900286191 /* CopyFiles */ = {
			isa = PBXCopyFilesBuildPhase;
			buildActionMask = 2147483647;
			dstPath = /usr/share/man/man1/;
			dstSubfolderSpec = 0;
			files = (
			);
			runOnlyForDeploymentPostprocessing = 1;
		};
/* End PBXCopyFilesBuildPhase section */

/* Begin PBXFileReference section */
		5796D0841CC46E2900286191 /* Mechanic - Visitor */ = {isa = PBXFileReference; explicitFileType = "compiled.mach-o.executable"; includeInIndex = 0; path = "Mechanic - Visitor"; sourceTree = BUILT_PRODUCTS_DIR; };
		5796D0871CC46E2900286191 /* main.swift */ = {isa = PBXFileReference; lastKnownFileType = sourcecode.swift; path = main.swift; sourceTree = "<group>"; };
		5796D08E1CC46F3100286191 /* documentable.swift */ = {isa = PBXFileReference; fileEncoding = 4; lastKnownFileType = sourcecode.swift; path = documentable.swift; sourceTree = "<group>"; };
		5796D0911CC46FE300286191 /* documenter.swift */ = {isa = PBXFileReference; fileEncoding = 4; lastKnownFileType = sourcecode.swift; path = documenter.swift; sourceTree = "<group>"; };
		5796D0931CC4704B00286191 /* email_documenter.swift */ = {isa = PBXFileReference; fileEncoding = 4; lastKnownFileType = sourcecode.swift; path = email_documenter.swift; sourceTree = "<group>"; };
		5796D0991CC4710500286191 /* quote.swift */ = {isa = PBXFileReference; fileEncoding = 4; lastKnownFileType = sourcecode.swift; path = quote.swift; sourceTree = "<group>"; };
		5796D09B1CC4733A00286191 /* report_documenter.swift */ = {isa = PBXFileReference; fileEncoding = 4; lastKnownFileType = sourcecode.swift; path = report_documenter.swift; sourceTree = "<group>"; };
		5796D09D1CC4773D00286191 /* appointment.swift */ = {isa = PBXFileReference; fileEncoding = 4; lastKnownFileType = sourcecode.swift; path = appointment.swift; sourceTree = "<group>"; };
		5796D09F1CC487BF00286191 /* car.swift */ = {isa = PBXFileReference; fileEncoding = 4; lastKnownFileType = sourcecode.swift; path = car.swift; sourceTree = "<group>"; };
		5796D0A11CC4883200286191 /* mechanic.swift */ = {isa = PBXFileReference; fileEncoding = 4; lastKnownFileType = sourcecode.swift; path = mechanic.swift; sourceTree = "<group>"; };
		5796D0A31CC488A400286191 /* email.swift */ = {isa = PBXFileReference; fileEncoding = 4; lastKnownFileType = sourcecode.swift; path = email.swift; sourceTree = "<group>"; };
		5796D0A51CC4894B00286191 /* report.swift */ = {isa = PBXFileReference; fileEncoding = 4; lastKnownFileType = sourcecode.swift; path = report.swift; sourceTree = "<group>"; };
		5796D0A71CC4895E00286191 /* report_type.swift */ = {isa = PBXFileReference; fileEncoding = 4; lastKnownFileType = sourcecode.swift; path = report_type.swift; sourceTree = "<group>"; };
		5796D0AB1CC48AF700286191 /* customer.swift */ = {isa = PBXFileReference; fileEncoding = 4; lastKnownFileType = sourcecode.swift; path = customer.swift; sourceTree = "<group>"; };
		5796D0AD1CC48DEB00286191 /* date_extensions.swift */ = {isa = PBXFileReference; fileEncoding = 4; lastKnownFileType = sourcecode.swift; path = date_extensions.swift; sourceTree = "<group>"; };
/* End PBXFileReference section */

/* Begin PBXFrameworksBuildPhase section */
		5796D0811CC46E2900286191 /* Frameworks */ = {
			isa = PBXFrameworksBuildPhase;
			buildActionMask = 2147483647;
			files = (
			);
			runOnlyForDeploymentPostprocessing = 0;
		};
/* End PBXFrameworksBuildPhase section */

/* Begin PBXGroup section */
		5796D07B1CC46E2900286191 = {
			isa = PBXGroup;
			children = (
				5796D0861CC46E2900286191 /* Mechanic - Visitor */,
				5796D0851CC46E2900286191 /* Products */,
			);
			sourceTree = "<group>";
		};
		5796D0851CC46E2900286191 /* Products */ = {
			isa = PBXGroup;
			children = (
				5796D0841CC46E2900286191 /* Mechanic - Visitor */,
			);
			name = Products;
			sourceTree = "<group>";
		};
		5796D0861CC46E2900286191 /* Mechanic - Visitor */ = {
			isa = PBXGroup;
			children = (
				5796D0AF1CC48DEE00286191 /* extentsions */,
				5796D0AA1CC48A4A00286191 /* models */,
				5796D0A91CC48A2400286191 /* documents */,
				5796D0871CC46E2900286191 /* main.swift */,
				5796D08E1CC46F3100286191 /* documentable.swift */,
				5796D0911CC46FE300286191 /* documenter.swift */,
				5796D0931CC4704B00286191 /* email_documenter.swift */,
				5796D09B1CC4733A00286191 /* report_documenter.swift */,
			);
			path = "Mechanic - Visitor";
			sourceTree = "<group>";
		};
		5796D0A91CC48A2400286191 /* documents */ = {
			isa = PBXGroup;
			children = (
				5796D0A71CC4895E00286191 /* report_type.swift */,
				5796D0A31CC488A400286191 /* email.swift */,
				5796D0A51CC4894B00286191 /* report.swift */,
			);
			name = documents;
			sourceTree = "<group>";
		};
		5796D0AA1CC48A4A00286191 /* models */ = {
			isa = PBXGroup;
			children = (
				5796D0991CC4710500286191 /* quote.swift */,
				5796D09D1CC4773D00286191 /* appointment.swift */,
				5796D09F1CC487BF00286191 /* car.swift */,
				5796D0A11CC4883200286191 /* mechanic.swift */,
				5796D0AB1CC48AF700286191 /* customer.swift */,
			);
			name = models;
			sourceTree = "<group>";
		};
		5796D0AF1CC48DEE00286191 /* extentsions */ = {
			isa = PBXGroup;
			children = (
				5796D0AD1CC48DEB00286191 /* date_extensions.swift */,
			);
			name = extentsions;
			sourceTree = "<group>";
		};
/* End PBXGroup section */

/* Begin PBXNativeTarget section */
		5796D0831CC46E2900286191 /* Mechanic - Visitor */ = {
			isa = PBXNativeTarget;
			buildConfigurationList = 5796D08B1CC46E2900286191 /* Build configuration list for PBXNativeTarget "Mechanic - Visitor" */;
			buildPhases = (
				5796D0801CC46E2900286191 /* Sources */,
				5796D0811CC46E2900286191 /* Frameworks */,
				5796D0821CC46E2900286191 /* CopyFiles */,
				5796D0901CC46F4900286191 /* ShellScript */,
			);
			buildRules = (
			);
			dependencies = (
			);
			name = "Mechanic - Visitor";
			productName = "Mechanic - Visitor";
			productReference = 5796D0841CC46E2900286191 /* Mechanic - Visitor */;
			productType = "com.apple.product-type.tool";
		};
/* End PBXNativeTarget section */

/* Begin PBXProject section */
		5796D07C1CC46E2900286191 /* Project object */ = {
			isa = PBXProject;
			attributes = {
				LastSwiftUpdateCheck = 0720;
				LastUpgradeCheck = 0720;
				ORGANIZATIONNAME = "Reza Shirazian";
				TargetAttributes = {
					5796D0831CC46E2900286191 = {
						CreatedOnToolsVersion = 7.2.1;
					};
				};
			};
			buildConfigurationList = 5796D07F1CC46E2900286191 /* Build configuration list for PBXProject "Mechanic - Visitor" */;
			compatibilityVersion = "Xcode 3.2";
			developmentRegion = English;
			hasScannedForEncodings = 0;
			knownRegions = (
				en,
			);
			mainGroup = 5796D07B1CC46E2900286191;
			productRefGroup = 5796D0851CC46E2900286191 /* Products */;
			projectDirPath = "";
			projectRoot = "";
			targets = (
				5796D0831CC46E2900286191 /* Mechanic - Visitor */,
			);
		};
/* End PBXProject section */

/* Begin PBXShellScriptBuildPhase section */
		5796D0901CC46F4900286191 /* ShellScript */ = {
			isa = PBXShellScriptBuildPhase;
			buildActionMask = 2147483647;
			files = (
			);
			inputPaths = (
			);
			outputPaths = (
			);
			runOnlyForDeploymentPostprocessing = 0;
			shellPath = /bin/sh;
			shellScript = "if which swiftlint >/dev/null; then\nswiftlint\nelse\necho \"warning: SwiftLint not installed, download from https://github.com/realm/SwiftLint\"\nfi";
		};
/* End PBXShellScriptBuildPhase section */

/* Begin PBXSourcesBuildPhase section */
		5796D0801CC46E2900286191 /* Sources */ = {
			isa = PBXSourcesBuildPhase;
			buildActionMask = 2147483647;
			files = (
				5796D0A41CC488A400286191 /* email.swift in Sources */,
				5796D09E1CC4773D00286191 /* appointment.swift in Sources */,
				5796D0921CC46FE300286191 /* documenter.swift in Sources */,
				5796D0A01CC487BF00286191 /* car.swift in Sources */,
				5796D09C1CC4733A00286191 /* report_documenter.swift in Sources */,
				5796D08F1CC46F3100286191 /* documentable.swift in Sources */,
				5796D09A1CC4710500286191 /* quote.swift in Sources */,
				5796D0941CC4704B00286191 /* email_documenter.swift in Sources */,
				5796D0A21CC4883200286191 /* mechanic.swift in Sources */,
				5796D0A81CC4895E00286191 /* report_type.swift in Sources */,
				5796D0AC1CC48AF700286191 /* customer.swift in Sources */,
				5796D0AE1CC48DEB00286191 /* date_extensions.swift in Sources */,
				5796D0881CC46E2900286191 /* main.swift in Sources */,
				5796D0A61CC4894B00286191 /* report.swift in Sources */,
			);
			runOnlyForDeploymentPostprocessing = 0;
		};
/* End PBXSourcesBuildPhase section */

/* Begin XCBuildConfiguration section */
		5796D0891CC46E2900286191 /* Debug */ = {
			isa = XCBuildConfiguration;
			buildSettings = {
				ALWAYS_SEARCH_USER_PATHS = NO;
				CLANG_CXX_LANGUAGE_STANDARD = "gnu++0x";
				CLANG_CXX_LIBRARY = "libc++";
				CLANG_ENABLE_MODULES = YES;
				CLANG_ENABLE_OBJC_ARC = YES;
				CLANG_WARN_BOOL_CONVERSION = YES;
				CLANG_WARN_CONSTANT_CONVERSION = YES;
				CLANG_WARN_DIRECT_OBJC_ISA_USAGE = YES_ERROR;
				CLANG_WARN_EMPTY_BODY = YES;
				CLANG_WARN_ENUM_CONVERSION = YES;
				CLANG_WARN_INT_CONVERSION = YES;
				CLANG_WARN_OBJC_ROOT_CLASS = YES_ERROR;
				CLANG_WARN_UNREACHABLE_CODE = YES;
				CLANG_WARN__DUPLICATE_METHOD_MATCH = YES;
				CODE_SIGN_IDENTITY = "-";
				COPY_PHASE_STRIP = NO;
				DEBUG_INFORMATION_FORMAT = dwarf;
				ENABLE_STRICT_OBJC_MSGSEND = YES;
				ENABLE_TESTABILITY = YES;
				GCC_C_LANGUAGE_STANDARD = gnu99;
				GCC_DYNAMIC_NO_PIC = NO;
				GCC_NO_COMMON_BLOCKS = YES;
				GCC_OPTIMIZATION_LEVEL = 0;
				GCC_PREPROCESSOR_DEFINITIONS = (
					"DEBUG=1",
					"$(inherited)",
				);
				GCC_WARN_64_TO_32_BIT_CONVERSION = YES;
				GCC_WARN_ABOUT_RETURN_TYPE = YES_ERROR;
				GCC_WARN_UNDECLARED_SELECTOR = YES;
				GCC_WARN_UNINITIALIZED_AUTOS = YES_AGGRESSIVE;
				GCC_WARN_UNUSED_FUNCTION = YES;
				GCC_WARN_UNUSED_VARIABLE = YES;
				MACOSX_DEPLOYMENT_TARGET = 10.10;
				MTL_ENABLE_DEBUG_INFO = YES;
				ONLY_ACTIVE_ARCH = YES;
				SDKROOT = macosx;
				SWIFT_OPTIMIZATION_LEVEL = "-Onone";
			};
			name = Debug;
		};
		5796D08A1CC46E2900286191 /* Release */ = {
			isa = XCBuildConfiguration;
			buildSettings = {
				ALWAYS_SEARCH_USER_PATHS = NO;
				CLANG_CXX_LANGUAGE_STANDARD = "gnu++0x";
				CLANG_CXX_LIBRARY = "libc++";
				CLANG_ENABLE_MODULES = YES;
				CLANG_ENABLE_OBJC_ARC = YES;
				CLANG_WARN_BOOL_CONVERSION = YES;
				CLANG_WARN_CONSTANT_CONVERSION = YES;
				CLANG_WARN_DIRECT_OBJC_ISA_USAGE = YES_ERROR;
				CLANG_WARN_EMPTY_BODY = YES;
				CLANG_WARN_ENUM_CONVERSION = YES;
				CLANG_WARN_INT_CONVERSION = YES;
				CLANG_WARN_OBJC_ROOT_CLASS = YES_ERROR;
				CLANG_WARN_UNREACHABLE_CODE = YES;
				CLANG_WARN__DUPLICATE_METHOD_MATCH = YES;
				CODE_SIGN_IDENTITY = "-";
				COPY_PHASE_STRIP = NO;
				DEBUG_INFORMATION_FORMAT = "dwarf-with-dsym";
				ENABLE_NS_ASSERTIONS = NO;
				ENABLE_STRICT_OBJC_MSGSEND = YES;
				GCC_C_LANGUAGE_STANDARD = gnu99;
				GCC_NO_COMMON_BLOCKS = YES;
				GCC_WARN_64_TO_32_BIT_CONVERSION = YES;
				GCC_WARN_ABOUT_RETURN_TYPE = YES_ERROR;
				GCC_WARN_UNDECLARED_SELECTOR = YES;
				GCC_WARN_UNINITIALIZED_AUTOS = YES_AGGRESSIVE;
				GCC_WARN_UNUSED_FUNCTION = YES;
				GCC_WARN_UNUSED_VARIABLE = YES;
				MACOSX_DEPLOYMENT_TARGET = 10.10;
				MTL_ENABLE_DEBUG_INFO = NO;
				SDKROOT = macosx;
			};
			name = Release;
		};
		5796D08C1CC46E2900286191 /* Debug */ = {
			isa = XCBuildConfiguration;
			buildSettings = {
				PRODUCT_NAME = "$(TARGET_NAME)";
			};
			name = Debug;
		};
		5796D08D1CC46E2900286191 /* Release */ = {
			isa = XCBuildConfiguration;
			buildSettings = {
				PRODUCT_NAME = "$(TARGET_NAME)";
			};
			name = Release;
		};
/* End XCBuildConfiguration section */

/* Begin XCConfigurationList section */
		5796D07F1CC46E2900286191 /* Build configuration list for PBXProject "Mechanic - Visitor" */ = {
			isa = XCConfigurationList;
			buildConfigurations = (
				5796D0891CC46E2900286191 /* Debug */,
				5796D08A1CC46E2900286191 /* Release */,
			);
			defaultConfigurationIsVisible = 0;
			defaultConfigurationName = Release;
		};
		5796D08B1CC46E2900286191 /* Build configuration list for PBXNativeTarget "Mechanic - Visitor" */ = {
			isa = XCConfigurationList;
			buildConfigurations = (
				5796D08C1CC46E2900286191 /* Debug */,
				5796D08D1CC46E2900286191 /* Release */,
			);
			defaultConfigurationIsVisible = 0;
			defaultConfigurationName = Release;
		};
/* End XCConfigurationList section */
	};
	rootObject = 5796D07C1CC46E2900286191 /* Project object */;
}
